
Microsoft Visual Studio Solution File, Format Version 12.00
# Visual Studio 2012
Project("{FAE04EC0-301F-11D3-BF4B-00C04F79EFBC}") = "AutoMapper", "AutoMapper\AutoMapper.csproj", "{A0AA5618-001B-4CA4-A595-F3E8BC12382B}"
EndProject
Project("{FAE04EC0-301F-11D3-BF4B-00C04F79EFBC}") = "MapperTests", "MapperTests\MapperTests.csproj", "{0BA331E6-FC7A-4DBB-B1BA-986DFC3A1E09}"
EndProject
Project("{FAE04EC0-301F-11D3-BF4B-00C04F79EFBC}") = "ConsoleApplication1", "ConsoleApplication1\ConsoleApplication1.csproj", "{E79C2315-70A6-44D6-9584-D8FC0B59FF60}"
EndProject
Global
	GlobalSection(SolutionConfigurationPlatforms) = preSolution
		Debug|Any CPU = Debug|Any CPU
		Release|Any CPU = Release|Any CPU
	EndGlobalSection
	GlobalSection(ProjectConfigurationPlatforms) = postSolution
		{A0AA5618-001B-4CA4-A595-F3E8BC12382B}.Debug|Any CPU.ActiveCfg = Debug|Any CPU
		{A0AA5618-001B-4CA4-A595-F3E8BC12382B}.Debug|Any CPU.Build.0 = Debug|Any CPU
		{A0AA5618-001B-4CA4-A595-F3E8BC12382B}.Release|Any CPU.ActiveCfg = Release|Any CPU
		{A0AA5618-001B-4CA4-A595-F3E8BC12382B}.Release|Any CPU.Build.0 = Release|Any CPU
		{0BA331E6-FC7A-4DBB-B1BA-986DFC3A1E09}.Debug|Any CPU.ActiveCfg = Debug|Any CPU
		{0BA331E6-FC7A-4DBB-B1BA-986DFC3A1E09}.Debug|Any CPU.Build.0 = Debug|Any CPU
		{0BA331E6-FC7A-4DBB-B1BA-986DFC3A1E09}.Release|Any CPU.ActiveCfg = Release|Any CPU
		{0BA331E6-FC7A-4DBB-B1BA-986DFC3A1E09}.Release|Any CPU.Build.0 = Release|Any CPU
		{E79C2315-70A6-44D6-9584-D8FC0B59FF60}.Debug|Any CPU.ActiveCfg = Debug|Any CPU
		{E79C2315-70A6-44D6-9584-D8FC0B59FF60}.Debug|Any CPU.Build.0 = Debug|Any CPU
		{E79C2315-70A6-44D6-9584-D8FC0B59FF60}.Release|Any CPU.ActiveCfg = Release|Any CPU
		{E79C2315-70A6-44D6-9584-D8FC0B59FF60}.Release|Any CPU.Build.0 = Release|Any CPU
	EndGlobalSection
	GlobalSection(SolutionProperties) = preSolution
		HideSolutionNode = FALSE
	EndGlobalSection
EndGlobal
